
Microsoft Visual Studio Solution File, Format Version 12.00
# Visual Studio Version 16
VisualStudioVersion = 16.0.31727.386
MinimumVisualStudioVersion = 10.0.40219.1
Project("{9A19103F-16F7-4668-BE54-9A1E7A4F7556}") = "StayAccess.Api", "StayAccess.Api\StayAccess.Api.csproj", "{84E00006-E2A2-4192-9D87-1A166D7BF50F}"
EndProject
Project("{9A19103F-16F7-4668-BE54-9A1E7A4F7556}") = "Automate", "..\Automate\Automate.csproj", "{1BCBFE25-CAEA-4863-878F-0708FB49CEF9}"
EndProject
Project("{9A19103F-16F7-4668-BE54-9A1E7A4F7556}") = "StayAccess.DAL", "..\StayAccess.DAL\StayAccess.DAL.csproj", "{0E69A7F9-449D-4E7B-A9C8-B33872FEC894}"
EndProject
Project("{9A19103F-16F7-4668-BE54-9A1E7A4F7556}") = "StayAccess.DTO", "..\StayAccess.DTO\StayAccess.DTO.csproj", "{1D617089-54D8-4953-8F57-19CC8C4BCB9D}"
EndProject
Global
	GlobalSection(SolutionConfigurationPlatforms) = preSolution
		Debug|Any CPU = Debug|Any CPU
		Release|Any CPU = Release|Any CPU
	EndGlobalSection
	GlobalSection(ProjectConfigurationPlatforms) = postSolution
		{84E00006-E2A2-4192-9D87-1A166D7BF50F}.Debug|Any CPU.ActiveCfg = Debug|Any CPU
		{84E00006-E2A2-4192-9D87-1A166D7BF50F}.Debug|Any CPU.Build.0 = Debug|Any CPU
		{84E00006-E2A2-4192-9D87-1A166D7BF50F}.Release|Any CPU.ActiveCfg = Release|Any CPU
		{84E00006-E2A2-4192-9D87-1A166D7BF50F}.Release|Any CPU.Build.0 = Release|Any CPU
		{1BCBFE25-CAEA-4863-878F-0708FB49CEF9}.Debug|Any CPU.ActiveCfg = Debug|Any CPU
		{1BCBFE25-CAEA-4863-878F-0708FB49CEF9}.Debug|Any CPU.Build.0 = Debug|Any CPU
		{1BCBFE25-CAEA-4863-878F-0708FB49CEF9}.Release|Any CPU.ActiveCfg = Release|Any CPU
		{1BCBFE25-CAEA-4863-878F-0708FB49CEF9}.Release|Any CPU.Build.0 = Release|Any CPU
		{0E69A7F9-449D-4E7B-A9C8-B33872FEC894}.Debug|Any CPU.ActiveCfg = Debug|Any CPU
		{0E69A7F9-449D-4E7B-A9C8-B33872FEC894}.Debug|Any CPU.Build.0 = Debug|Any CPU
		{0E69A7F9-449D-4E7B-A9C8-B33872FEC894}.Release|Any CPU.ActiveCfg = Release|Any CPU
		{0E69A7F9-449D-4E7B-A9C8-B33872FEC894}.Release|Any CPU.Build.0 = Release|Any CPU
		{1D617089-54D8-4953-8F57-19CC8C4BCB9D}.Debug|Any CPU.ActiveCfg = Debug|Any CPU
		{1D617089-54D8-4953-8F57-19CC8C4BCB9D}.Debug|Any CPU.Build.0 = Debug|Any CPU
		{1D617089-54D8-4953-8F57-19CC8C4BCB9D}.Release|Any CPU.ActiveCfg = Release|Any CPU
		{1D617089-54D8-4953-8F57-19CC8C4BCB9D}.Release|Any CPU.Build.0 = Release|Any CPU
	EndGlobalSection
	GlobalSection(SolutionProperties) = preSolution
		HideSolutionNode = FALSE
	EndGlobalSection
	GlobalSection(ExtensibilityGlobals) = postSolution
		SolutionGuid = {5BA698CB-F0A7-4675-8327-4BD4A6CABC8C}
	EndGlobalSection
EndGlobal
